
Microsoft Visual Studio Solution File, Format Version 12.00
# Visual Studio Version 17
VisualStudioVersion = 17.1.32210.238
MinimumVisualStudioVersion = 10.0.40219.1
Project("{FAE04EC0-301F-11D3-BF4B-00C04F79EFBC}") = "odonto-facisa", "odonto-facisa.csproj", "{A8545118-86DA-492F-B74C-09DEE20C4E56}"
EndProject
Global
	GlobalSection(SolutionConfigurationPlatforms) = preSolution
		Debug|Any CPU = Debug|Any CPU
		Release|Any CPU = Release|Any CPU
	EndGlobalSection
	GlobalSection(ProjectConfigurationPlatforms) = postSolution
		{A8545118-86DA-492F-B74C-09DEE20C4E56}.Debug|Any CPU.ActiveCfg = Debug|Any CPU
		{A8545118-86DA-492F-B74C-09DEE20C4E56}.Debug|Any CPU.Build.0 = Debug|Any CPU
		{A8545118-86DA-492F-B74C-09DEE20C4E56}.Release|Any CPU.ActiveCfg = Release|Any CPU
		{A8545118-86DA-492F-B74C-09DEE20C4E56}.Release|Any CPU.Build.0 = Release|Any CPU
	EndGlobalSection
	GlobalSection(SolutionProperties) = preSolution
		HideSolutionNode = FALSE
	EndGlobalSection
	GlobalSection(ExtensibilityGlobals) = postSolution
		SolutionGuid = {2167E0B8-6B1F-42B0-9C41-8CDA5CA56EA0}
	EndGlobalSection
EndGlobal
